
Microsoft Visual Studio Solution File, Format Version 12.00
# Visual Studio Version 17
VisualStudioVersion = 17.1.32421.90
MinimumVisualStudioVersion = 10.0.40219.1
Project("{FAE04EC0-301F-11D3-BF4B-00C04F79EFBC}") = "BillCalculator", "BillCalculator.csproj", "{661D88F5-DC97-4BC1-874B-494EF58FE1A9}"
EndProject
Project("{FAE04EC0-301F-11D3-BF4B-00C04F79EFBC}") = "ItemPurchaaser", "..\ItemPurchaaser\ItemPurchaaser.csproj", "{5AA615CA-886B-494A-8F11-90975523AFA0}"
EndProject
Global
	GlobalSection(SolutionConfigurationPlatforms) = preSolution
		Debug|Any CPU = Debug|Any CPU
		Release|Any CPU = Release|Any CPU
	EndGlobalSection
	GlobalSection(ProjectConfigurationPlatforms) = postSolution
		{661D88F5-DC97-4BC1-874B-494EF58FE1A9}.Debug|Any CPU.ActiveCfg = Debug|Any CPU
		{661D88F5-DC97-4BC1-874B-494EF58FE1A9}.Debug|Any CPU.Build.0 = Debug|Any CPU
		{661D88F5-DC97-4BC1-874B-494EF58FE1A9}.Release|Any CPU.ActiveCfg = Release|Any CPU
		{661D88F5-DC97-4BC1-874B-494EF58FE1A9}.Release|Any CPU.Build.0 = Release|Any CPU
		{5AA615CA-886B-494A-8F11-90975523AFA0}.Debug|Any CPU.ActiveCfg = Debug|Any CPU
		{5AA615CA-886B-494A-8F11-90975523AFA0}.Debug|Any CPU.Build.0 = Debug|Any CPU
		{5AA615CA-886B-494A-8F11-90975523AFA0}.Release|Any CPU.ActiveCfg = Release|Any CPU
		{5AA615CA-886B-494A-8F11-90975523AFA0}.Release|Any CPU.Build.0 = Release|Any CPU
	EndGlobalSection
	GlobalSection(SolutionProperties) = preSolution
		HideSolutionNode = FALSE
	EndGlobalSection
	GlobalSection(ExtensibilityGlobals) = postSolution
		SolutionGuid = {B52F60B8-F0DE-4492-A96A-35CDFD3420AB}
	EndGlobalSection
EndGlobal
